{
    "_meta": {
        "hash": {
            "sha256": "2e8f2cd328690f4ee979b03ad71c9b6f59c825ff9eca3a2092b3fddc57915083"
        },
        "pipfile-spec": 6,
        "requires": {
            "python_version": "3.9"
        },
        "sources": [
            {
                "name": "pypi",
                "url": "https://pypi.python.org/simple",
                "verify_ssl": true
            }
        ]
    },
    "default": {
        "asgiref": {
            "hashes": [
                "sha256:89b2ef2247e3b562a16eef663bc0e2e703ec6468e2fa8a5cd61cd449786d4f6e",
                "sha256:9e0ce3aa93a819ba5b45120216b23878cf6e8525eb3848653452b4192b92afed"
            ],
            "markers": "python_version >= '3.7'",
            "version": "==3.7.2"
        },
        "dj-database-url": {
            "hashes": [
                "sha256:04bc34b248d4c21aaa13e4ab419ae6575ef5f10f3df735ce7da97722caa356e0",
                "sha256:f2042cefe1086e539c9da39fad5ad7f61173bf79665e69bf7e4de55fa88b135f"
            ],
            "index": "pypi",
            "version": "==2.1.0"
        },
        "django": {
            "hashes": [
                "sha256:8e0f1c2c2786b5c0e39fe1afce24c926040fad47c8ea8ad30aaf1188df29fc41",
                "sha256:e1d37c51ad26186de355cbcec16613ebdabfa9689bbade9c538835205a8abbe9"
            ],
            "index": "pypi",
            "markers": "python_version >= '3.8'",
            "version": "==4.2.7"
        },
        "django-cors-headers": {
            "hashes": [
                "sha256:a22be2befd4069c4fc174f11cf067351df5c061a3a5f94a01650b4e928b0372b",
                "sha256:eb98389bf7a2afc5d374806af4a9149697e3a6955b5a2dc2bf049f7d33647456"
            ],
            "index": "pypi",
            "markers": "python_version >= '3.7'",
            "version": "==3.11.0"
        },
        "djangorestframework": {
            "hashes": [
                "sha256:0c33407ce23acc68eca2a6e46424b008c9c02eceb8cf18581921d0092bc1f2ee",
                "sha256:24c4bf58ed7e85d1fe4ba250ab2da926d263cd57d64b03e8dcef0ac683f8b1aa"
            ],
            "index": "pypi",
            "markers": "python_version >= '3.6'",
            "version": "==3.13.1"
        },
        "psycopg2": {
            "hashes": [
                "sha256:06f32425949bd5fe8f625c49f17ebb9784e1e4fe928b7cce72edc36fb68e4c0c",
                "sha256:0762c27d018edbcb2d34d51596e4346c983bd27c330218c56c4dc25ef7e819bf",
                "sha256:083707a696e5e1c330af2508d8fab36f9700b26621ccbcb538abe22e15485362",
                "sha256:34b33e0162cfcaad151f249c2649fd1030010c16f4bbc40a604c1cb77173dcf7",
                "sha256:4295093a6ae3434d33ec6baab4ca5512a5082cc43c0505293087b8a46d108461",
                "sha256:8cf3878353cc04b053822896bc4922b194792df9df2f1ad8da01fb3043602126",
                "sha256:8e841d1bf3434da985cc5ef13e6f75c8981ced601fd70cc6bf33351b91562981",
                "sha256:9572e08b50aed176ef6d66f15a21d823bb6f6d23152d35e8451d7d2d18fdac56",
                "sha256:a81e3866f99382dfe8c15a151f1ca5fde5815fde879348fe5a9884a7c092a305",
                "sha256:cb10d44e6694d763fa1078a26f7f6137d69f555a78ec85dc2ef716c37447e4b2",
                "sha256:d3ca6421b942f60c008f81a3541e8faf6865a28d5a9b48544b0ee4f40cac7fca"
            ],
            "index": "pypi",
            "markers": "python_version >= '3.6'",
            "version": "==2.9.3"
        },
        "pytz": {
            "hashes": [
                "sha256:7b4fddbeb94a1eba4b557da24f19fdf9db575192544270a9101d8509f9f43d7b",
                "sha256:ce42d816b81b68506614c11e8937d3aa9e41007ceb50bfdcb0749b921bf646c7"
            ],
            "version": "==2023.3.post1"
        },
        "sqlparse": {
            "hashes": [
                "sha256:5430a4fe2ac7d0f93e66f1efc6e1338a41884b7ddf2a350cedd20ccc4d9d28f3",
                "sha256:d446183e84b8349fa3061f0fe7f06ca94ba65b426946ffebe6e3e8295332420c"
            ],
            "markers": "python_version >= '3.5'",
            "version": "==0.4.4"
        },
        "typing-extensions": {
            "hashes": [
                "sha256:8f92fc8806f9a6b641eaa5318da32b44d401efaac0f6678c9bc448ba3605faa0",
                "sha256:df8e4339e9cb77357558cbdbceca33c303714cf861d1eef15e1070055ae8b7ef"
            ],
            "markers": "python_version >= '3.8'",
            "version": "==4.8.0"
        }
    },
    "develop": {}
}
